
Microsoft Visual Studio Solution File, Format Version 12.00
# Visual Studio Version 16
VisualStudioVersion = 16.0.31702.278
MinimumVisualStudioVersion = 10.0.40219.1
Project("{FAE04EC0-301F-11D3-BF4B-00C04F79EFBC}") = "RabbitMq Practice", "RabbitMq Practice\RabbitMq Practice.csproj", "{4A8BA9C1-7C36-4A37-979A-8B68F64E3B83}"
EndProject
Project("{FAE04EC0-301F-11D3-BF4B-00C04F79EFBC}") = "Sender", "Sender\Sender.csproj", "{0421E2F6-49A7-4831-8B06-DE8562518878}"
EndProject
Project("{FAE04EC0-301F-11D3-BF4B-00C04F79EFBC}") = "Receiver", "Receiver\Receiver.csproj", "{96635C16-4BEA-4411-92F8-5805AF9E0AA2}"
EndProject
Global
	GlobalSection(SolutionConfigurationPlatforms) = preSolution
		Debug|Any CPU = Debug|Any CPU
		Release|Any CPU = Release|Any CPU
	EndGlobalSection
	GlobalSection(ProjectConfigurationPlatforms) = postSolution
		{4A8BA9C1-7C36-4A37-979A-8B68F64E3B83}.Debug|Any CPU.ActiveCfg = Debug|Any CPU
		{4A8BA9C1-7C36-4A37-979A-8B68F64E3B83}.Debug|Any CPU.Build.0 = Debug|Any CPU
		{4A8BA9C1-7C36-4A37-979A-8B68F64E3B83}.Release|Any CPU.ActiveCfg = Release|Any CPU
		{4A8BA9C1-7C36-4A37-979A-8B68F64E3B83}.Release|Any CPU.Build.0 = Release|Any CPU
		{0421E2F6-49A7-4831-8B06-DE8562518878}.Debug|Any CPU.ActiveCfg = Debug|Any CPU
		{0421E2F6-49A7-4831-8B06-DE8562518878}.Debug|Any CPU.Build.0 = Debug|Any CPU
		{0421E2F6-49A7-4831-8B06-DE8562518878}.Release|Any CPU.ActiveCfg = Release|Any CPU
		{0421E2F6-49A7-4831-8B06-DE8562518878}.Release|Any CPU.Build.0 = Release|Any CPU
		{96635C16-4BEA-4411-92F8-5805AF9E0AA2}.Debug|Any CPU.ActiveCfg = Debug|Any CPU
		{96635C16-4BEA-4411-92F8-5805AF9E0AA2}.Debug|Any CPU.Build.0 = Debug|Any CPU
		{96635C16-4BEA-4411-92F8-5805AF9E0AA2}.Release|Any CPU.ActiveCfg = Release|Any CPU
		{96635C16-4BEA-4411-92F8-5805AF9E0AA2}.Release|Any CPU.Build.0 = Release|Any CPU
	EndGlobalSection
	GlobalSection(SolutionProperties) = preSolution
		HideSolutionNode = FALSE
	EndGlobalSection
	GlobalSection(ExtensibilityGlobals) = postSolution
		SolutionGuid = {1CD18C88-0775-4E23-81B0-80B349461CBC}
	EndGlobalSection
EndGlobal
